// !$*UTF8*$!
{
	archiveVersion = 1;
	classes = {
	};
	objectVersion = 46;
	objects = {

/* Begin PBXBuildFile section */
		22A224F31DC2857500014CAB /* AppDelegate.swift in Sources */ = {isa = PBXBuildFile; fileRef = 22A224F21DC2857500014CAB /* AppDelegate.swift */; };
		22A224F51DC2857500014CAB /* ViewController.swift in Sources */ = {isa = PBXBuildFile; fileRef = 22A224F41DC2857500014CAB /* ViewController.swift */; };
		22A224F81DC2857500014CAB /* Main.storyboard in Resources */ = {isa = PBXBuildFile; fileRef = 22A224F61DC2857500014CAB /* Main.storyboard */; };
		22A224FA1DC2857500014CAB /* Assets.xcassets in Resources */ = {isa = PBXBuildFile; fileRef = 22A224F91DC2857500014CAB /* Assets.xcassets */; };
		22A224FD1DC2857500014CAB /* LaunchScreen.storyboard in Resources */ = {isa = PBXBuildFile; fileRef = 22A224FB1DC2857500014CAB /* LaunchScreen.storyboard */; };
		22A225081DC2857600014CAB /* hahahaTests.swift in Sources */ = {isa = PBXBuildFile; fileRef = 22A225071DC2857600014CAB /* hahahaTests.swift */; };
		22A225131DC2857600014CAB /* hahahaUITests.swift in Sources */ = {isa = PBXBuildFile; fileRef = 22A225121DC2857600014CAB /* hahahaUITests.swift */; };
/* End PBXBuildFile section */

/* Begin PBXContainerItemProxy section */
		22A225041DC2857600014CAB /* PBXContainerItemProxy */ = {
			isa = PBXContainerItemProxy;
			containerPortal = 22A224E71DC2857500014CAB /* Project object */;
			proxyType = 1;
			remoteGlobalIDString = 22A224EE1DC2857500014CAB;
			remoteInfo = hahaha;
		};
		22A2250F1DC2857600014CAB /* PBXContainerItemProxy */ = {
			isa = PBXContainerItemProxy;
			containerPortal = 22A224E71DC2857500014CAB /* Project object */;
			proxyType = 1;
			remoteGlobalIDString = 22A224EE1DC2857500014CAB;
			remoteInfo = hahaha;
		};
/* End PBXContainerItemProxy section */

/* Begin PBXFileReference section */
		22A224EF1DC2857500014CAB /* hahaha.app */ = {isa = PBXFileReference; explicitFileType = wrapper.application; includeInIndex = 0; path = hahaha.app; sourceTree = BUILT_PRODUCTS_DIR; };
		22A224F21DC2857500014CAB /* AppDelegate.swift */ = {isa = PBXFileReference; lastKnownFileType = sourcecode.swift; path = AppDelegate.swift; sourceTree = "<group>"; };
		22A224F41DC2857500014CAB /* ViewController.swift */ = {isa = PBXFileReference; lastKnownFileType = sourcecode.swift; path = ViewController.swift; sourceTree = "<group>"; };
		22A224F71DC2857500014CAB /* Base */ = {isa = PBXFileReference; lastKnownFileType = file.storyboard; name = Base; path = Base.lproj/Main.storyboard; sourceTree = "<group>"; };
		22A224F91DC2857500014CAB /* Assets.xcassets */ = {isa = PBXFileReference; lastKnownFileType = folder.assetcatalog; path = Assets.xcassets; sourceTree = "<group>"; };
		22A224FC1DC2857500014CAB /* Base */ = {isa = PBXFileReference; lastKnownFileType = file.storyboard; name = Base; path = Base.lproj/LaunchScreen.storyboard; sourceTree = "<group>"; };
		22A224FE1DC2857500014CAB /* Info.plist */ = {isa = PBXFileReference; lastKnownFileType = text.plist.xml; path = Info.plist; sourceTree = "<group>"; };
		22A225031DC2857600014CAB /* hahahaTests.xctest */ = {isa = PBXFileReference; explicitFileType = wrapper.cfbundle; includeInIndex = 0; path = hahahaTests.xctest; sourceTree = BUILT_PRODUCTS_DIR; };
		22A225071DC2857600014CAB /* hahahaTests.swift */ = {isa = PBXFileReference; lastKnownFileType = sourcecode.swift; path = hahahaTests.swift; sourceTree = "<group>"; };
		22A225091DC2857600014CAB /* Info.plist */ = {isa = PBXFileReference; lastKnownFileType = text.plist.xml; path = Info.plist; sourceTree = "<group>"; };
		22A2250E1DC2857600014CAB /* hahahaUITests.xctest */ = {isa = PBXFileReference; explicitFileType = wrapper.cfbundle; includeInIndex = 0; path = hahahaUITests.xctest; sourceTree = BUILT_PRODUCTS_DIR; };
		22A225121DC2857600014CAB /* hahahaUITests.swift */ = {isa = PBXFileReference; lastKnownFileType = sourcecode.swift; path = hahahaUITests.swift; sourceTree = "<group>"; };
		22A225141DC2857600014CAB /* Info.plist */ = {isa = PBXFileReference; lastKnownFileType = text.plist.xml; path = Info.plist; sourceTree = "<group>"; };
/* End PBXFileReference section */

/* Begin PBXFrameworksBuildPhase section */
		22A224EC1DC2857500014CAB /* Frameworks */ = {
			isa = PBXFrameworksBuildPhase;
			buildActionMask = 2147483647;
			files = (
			);
			runOnlyForDeploymentPostprocessing = 0;
		};
		22A225001DC2857600014CAB /* Frameworks */ = {
			isa = PBXFrameworksBuildPhase;
			buildActionMask = 2147483647;
			files = (
			);
			runOnlyForDeploymentPostprocessing = 0;
		};
		22A2250B1DC2857600014CAB /* Frameworks */ = {
			isa = PBXFrameworksBuildPhase;
			buildActionMask = 2147483647;
			files = (
			);
			runOnlyForDeploymentPostprocessing = 0;
		};
/* End PBXFrameworksBuildPhase section */

/* Begin PBXGroup section */
		22A224E61DC2857500014CAB = {
			isa = PBXGroup;
			children = (
				22A224F11DC2857500014CAB /* hahaha */,
				22A225061DC2857600014CAB /* hahahaTests */,
				22A225111DC2857600014CAB /* hahahaUITests */,
				22A224F01DC2857500014CAB /* Products */,
			);
			sourceTree = "<group>";
		};
		22A224F01DC2857500014CAB /* Products */ = {
			isa = PBXGroup;
			children = (
				22A224EF1DC2857500014CAB /* hahaha.app */,
				22A225031DC2857600014CAB /* hahahaTests.xctest */,
				22A2250E1DC2857600014CAB /* hahahaUITests.xctest */,
			);
			name = Products;
			sourceTree = "<group>";
		};
		22A224F11DC2857500014CAB /* hahaha */ = {
			isa = PBXGroup;
			children = (
				22A224F21DC2857500014CAB /* AppDelegate.swift */,
				22A224F41DC2857500014CAB /* ViewController.swift */,
				22A224F61DC2857500014CAB /* Main.storyboard */,
				22A224F91DC2857500014CAB /* Assets.xcassets */,
				22A224FB1DC2857500014CAB /* LaunchScreen.storyboard */,
				22A224FE1DC2857500014CAB /* Info.plist */,
			);
			path = hahaha;
			sourceTree = "<group>";
		};
		22A225061DC2857600014CAB /* hahahaTests */ = {
			isa = PBXGroup;
			children = (
				22A225071DC2857600014CAB /* hahahaTests.swift */,
				22A225091DC2857600014CAB /* Info.plist */,
			);
			path = hahahaTests;
			sourceTree = "<group>";
		};
		22A225111DC2857600014CAB /* hahahaUITests */ = {
			isa = PBXGroup;
			children = (
				22A225121DC2857600014CAB /* hahahaUITests.swift */,
				22A225141DC2857600014CAB /* Info.plist */,
			);
			path = hahahaUITests;
			sourceTree = "<group>";
		};
/* End PBXGroup section */

/* Begin PBXNativeTarget section */
		22A224EE1DC2857500014CAB /* hahaha */ = {
			isa = PBXNativeTarget;
			buildConfigurationList = 22A225171DC2857600014CAB /* Build configuration list for PBXNativeTarget "hahaha" */;
			buildPhases = (
				22A224EB1DC2857500014CAB /* Sources */,
				22A224EC1DC2857500014CAB /* Frameworks */,
				22A224ED1DC2857500014CAB /* Resources */,
			);
			buildRules = (
			);
			dependencies = (
			);
			name = hahaha;
			productName = hahaha;
			productReference = 22A224EF1DC2857500014CAB /* hahaha.app */;
			productType = "com.apple.product-type.application";
		};
		22A225021DC2857600014CAB /* hahahaTests */ = {
			isa = PBXNativeTarget;
			buildConfigurationList = 22A2251A1DC2857600014CAB /* Build configuration list for PBXNativeTarget "hahahaTests" */;
			buildPhases = (
				22A224FF1DC2857600014CAB /* Sources */,
				22A225001DC2857600014CAB /* Frameworks */,
				22A225011DC2857600014CAB /* Resources */,
			);
			buildRules = (
			);
			dependencies = (
				22A225051DC2857600014CAB /* PBXTargetDependency */,
			);
			name = hahahaTests;
			productName = hahahaTests;
			productReference = 22A225031DC2857600014CAB /* hahahaTests.xctest */;
			productType = "com.apple.product-type.bundle.unit-test";
		};
		22A2250D1DC2857600014CAB /* hahahaUITests */ = {
			isa = PBXNativeTarget;
			buildConfigurationList = 22A2251D1DC2857600014CAB /* Build configuration list for PBXNativeTarget "hahahaUITests" */;
			buildPhases = (
				22A2250A1DC2857600014CAB /* Sources */,
				22A2250B1DC2857600014CAB /* Frameworks */,
				22A2250C1DC2857600014CAB /* Resources */,
			);
			buildRules = (
			);
			dependencies = (
				22A225101DC2857600014CAB /* PBXTargetDependency */,
			);
			name = hahahaUITests;
			productName = hahahaUITests;
			productReference = 22A2250E1DC2857600014CAB /* hahahaUITests.xctest */;
			productType = "com.apple.product-type.bundle.ui-testing";
		};
/* End PBXNativeTarget section */

/* Begin PBXProject section */
		22A224E71DC2857500014CAB /* Project object */ = {
			isa = PBXProject;
			attributes = {
				LastSwiftUpdateCheck = 0800;
				LastUpgradeCheck = 0800;
				ORGANIZATIONNAME = codepath;
				TargetAttributes = {
					22A224EE1DC2857500014CAB = {
						CreatedOnToolsVersion = 8.0;
						ProvisioningStyle = Automatic;
					};
					22A225021DC2857600014CAB = {
						CreatedOnToolsVersion = 8.0;
						ProvisioningStyle = Automatic;
						TestTargetID = 22A224EE1DC2857500014CAB;
					};
					22A2250D1DC2857600014CAB = {
						CreatedOnToolsVersion = 8.0;
						ProvisioningStyle = Automatic;
						TestTargetID = 22A224EE1DC2857500014CAB;
					};
				};
			};
			buildConfigurationList = 22A224EA1DC2857500014CAB /* Build configuration list for PBXProject "hahaha" */;
			compatibilityVersion = "Xcode 3.2";
			developmentRegion = English;
			hasScannedForEncodings = 0;
			knownRegions = (
				en,
				Base,
			);
			mainGroup = 22A224E61DC2857500014CAB;
			productRefGroup = 22A224F01DC2857500014CAB /* Products */;
			projectDirPath = "";
			projectRoot = "";
			targets = (
				22A224EE1DC2857500014CAB /* hahaha */,
				22A225021DC2857600014CAB /* hahahaTests */,
				22A2250D1DC2857600014CAB /* hahahaUITests */,
			);
		};
/* End PBXProject section */

/* Begin PBXResourcesBuildPhase section */
		22A224ED1DC2857500014CAB /* Resources */ = {
			isa = PBXResourcesBuildPhase;
			buildActionMask = 2147483647;
			files = (
				22A224FD1DC2857500014CAB /* LaunchScreen.storyboard in Resources */,
				22A224FA1DC2857500014CAB /* Assets.xcassets in Resources */,
				22A224F81DC2857500014CAB /* Main.storyboard in Resources */,
			);
			runOnlyForDeploymentPostprocessing = 0;
		};
		22A225011DC2857600014CAB /* Resources */ = {
			isa = PBXResourcesBuildPhase;
			buildActionMask = 2147483647;
			files = (
			);
			runOnlyForDeploymentPostprocessing = 0;
		};
		22A2250C1DC2857600014CAB /* Resources */ = {
			isa = PBXResourcesBuildPhase;
			buildActionMask = 2147483647;
			files = (
			);
			runOnlyForDeploymentPostprocessing = 0;
		};
/* End PBXResourcesBuildPhase section */

/* Begin PBXSourcesBuildPhase section */
		22A224EB1DC2857500014CAB /* Sources */ = {
			isa = PBXSourcesBuildPhase;
			buildActionMask = 2147483647;
			files = (
				22A224F51DC2857500014CAB /* ViewController.swift in Sources */,
				22A224F31DC2857500014CAB /* AppDelegate.swift in Sources */,
			);
			runOnlyForDeploymentPostprocessing = 0;
		};
		22A224FF1DC2857600014CAB /* Sources */ = {
			isa = PBXSourcesBuildPhase;
			buildActionMask = 2147483647;
			files = (
				22A225081DC2857600014CAB /* hahahaTests.swift in Sources */,
			);
			runOnlyForDeploymentPostprocessing = 0;
		};
		22A2250A1DC2857600014CAB /* Sources */ = {
			isa = PBXSourcesBuildPhase;
			buildActionMask = 2147483647;
			files = (
				22A225131DC2857600014CAB /* hahahaUITests.swift in Sources */,
			);
			runOnlyForDeploymentPostprocessing = 0;
		};
/* End PBXSourcesBuildPhase section */

/* Begin PBXTargetDependency section */
		22A225051DC2857600014CAB /* PBXTargetDependency */ = {
			isa = PBXTargetDependency;
			target = 22A224EE1DC2857500014CAB /* hahaha */;
			targetProxy = 22A225041DC2857600014CAB /* PBXContainerItemProxy */;
		};
		22A225101DC2857600014CAB /* PBXTargetDependency */ = {
			isa = PBXTargetDependency;
			target = 22A224EE1DC2857500014CAB /* hahaha */;
			targetProxy = 22A2250F1DC2857600014CAB /* PBXContainerItemProxy */;
		};
/* End PBXTargetDependency section */

/* Begin PBXVariantGroup section */
		22A224F61DC2857500014CAB /* Main.storyboard */ = {
			isa = PBXVariantGroup;
			children = (
				22A224F71DC2857500014CAB /* Base */,
			);
			name = Main.storyboard;
			sourceTree = "<group>";
		};
		22A224FB1DC2857500014CAB /* LaunchScreen.storyboard */ = {
			isa = PBXVariantGroup;
			children = (
				22A224FC1DC2857500014CAB /* Base */,
			);
			name = LaunchScreen.storyboard;
			sourceTree = "<group>";
		};
/* End PBXVariantGroup section */

/* Begin XCBuildConfiguration section */
		22A225151DC2857600014CAB /* Debug */ = {
			isa = XCBuildConfiguration;
			buildSettings = {
				ALWAYS_SEARCH_USER_PATHS = NO;
				CLANG_ANALYZER_NONNULL = YES;
				CLANG_CXX_LANGUAGE_STANDARD = "gnu++0x";
				CLANG_CXX_LIBRARY = "libc++";
				CLANG_ENABLE_MODULES = YES;
				CLANG_ENABLE_OBJC_ARC = YES;
				CLANG_WARN_BOOL_CONVERSION = YES;
				CLANG_WARN_CONSTANT_CONVERSION = YES;
				CLANG_WARN_DIRECT_OBJC_ISA_USAGE = YES_ERROR;
				CLANG_WARN_DOCUMENTATION_COMMENTS = YES;
				CLANG_WARN_EMPTY_BODY = YES;
				CLANG_WARN_ENUM_CONVERSION = YES;
				CLANG_WARN_INFINITE_RECURSION = YES;
				CLANG_WARN_INT_CONVERSION = YES;
				CLANG_WARN_OBJC_ROOT_CLASS = YES_ERROR;
				CLANG_WARN_SUSPICIOUS_MOVES = YES;
				CLANG_WARN_UNREACHABLE_CODE = YES;
				CLANG_WARN__DUPLICATE_METHOD_MATCH = YES;
				"CODE_SIGN_IDENTITY[sdk=iphoneos*]" = "iPhone Developer";
				COPY_PHASE_STRIP = NO;
				DEBUG_INFORMATION_FORMAT = dwarf;
				ENABLE_STRICT_OBJC_MSGSEND = YES;
				ENABLE_TESTABILITY = YES;
				GCC_C_LANGUAGE_STANDARD = gnu99;
				GCC_DYNAMIC_NO_PIC = NO;
				GCC_NO_COMMON_BLOCKS = YES;
				GCC_OPTIMIZATION_LEVEL = 0;
				GCC_PREPROCESSOR_DEFINITIONS = (
					"DEBUG=1",
					"$(inherited)",
				);
				GCC_WARN_64_TO_32_BIT_CONVERSION = YES;
				GCC_WARN_ABOUT_RETURN_TYPE = YES_ERROR;
				GCC_WARN_UNDECLARED_SELECTOR = YES;
				GCC_WARN_UNINITIALIZED_AUTOS = YES_AGGRESSIVE;
				GCC_WARN_UNUSED_FUNCTION = YES;
				GCC_WARN_UNUSED_VARIABLE = YES;
				IPHONEOS_DEPLOYMENT_TARGET = 10.0;
				MTL_ENABLE_DEBUG_INFO = YES;
				ONLY_ACTIVE_ARCH = YES;
				SDKROOT = iphoneos;
				SWIFT_ACTIVE_COMPILATION_CONDITIONS = DEBUG;
				SWIFT_OPTIMIZATION_LEVEL = "-Onone";
			};
			name = Debug;
		};
		22A225161DC2857600014CAB /* Release */ = {
			isa = XCBuildConfiguration;
			buildSettings = {
				ALWAYS_SEARCH_USER_PATHS = NO;
				CLANG_ANALYZER_NONNULL = YES;
				CLANG_CXX_LANGUAGE_STANDARD = "gnu++0x";
				CLANG_CXX_LIBRARY = "libc++";
				CLANG_ENABLE_MODULES = YES;
				CLANG_ENABLE_OBJC_ARC = YES;
				CLANG_WARN_BOOL_CONVERSION = YES;
				CLANG_WARN_CONSTANT_CONVERSION = YES;
				CLANG_WARN_DIRECT_OBJC_ISA_USAGE = YES_ERROR;
				CLANG_WARN_DOCUMENTATION_COMMENTS = YES;
				CLANG_WARN_EMPTY_BODY = YES;
				CLANG_WARN_ENUM_CONVERSION = YES;
				CLANG_WARN_INFINITE_RECURSION = YES;
				CLANG_WARN_INT_CONVERSION = YES;
				CLANG_WARN_OBJC_ROOT_CLASS = YES_ERROR;
				CLANG_WARN_SUSPICIOUS_MOVES = YES;
				CLANG_WARN_UNREACHABLE_CODE = YES;
				CLANG_WARN__DUPLICATE_METHOD_MATCH = YES;
				"CODE_SIGN_IDENTITY[sdk=iphoneos*]" = "iPhone Developer";
				COPY_PHASE_STRIP = NO;
				DEBUG_INFORMATION_FORMAT = "dwarf-with-dsym";
				ENABLE_NS_ASSERTIONS = NO;
				ENABLE_STRICT_OBJC_MSGSEND = YES;
				GCC_C_LANGUAGE_STANDARD = gnu99;
				GCC_NO_COMMON_BLOCKS = YES;
				GCC_WARN_64_TO_32_BIT_CONVERSION = YES;
				GCC_WARN_ABOUT_RETURN_TYPE = YES_ERROR;
				GCC_WARN_UNDECLARED_SELECTOR = YES;
				GCC_WARN_UNINITIALIZED_AUTOS = YES_AGGRESSIVE;
				GCC_WARN_UNUSED_FUNCTION = YES;
				GCC_WARN_UNUSED_VARIABLE = YES;
				IPHONEOS_DEPLOYMENT_TARGET = 10.0;
				MTL_ENABLE_DEBUG_INFO = NO;
				SDKROOT = iphoneos;
				SWIFT_OPTIMIZATION_LEVEL = "-Owholemodule";
				VALIDATE_PRODUCT = YES;
			};
			name = Release;
		};
		22A225181DC2857600014CAB /* Debug */ = {
			isa = XCBuildConfiguration;
			buildSettings = {
				ASSETCATALOG_COMPILER_APPICON_NAME = AppIcon;
				INFOPLIST_FILE = hahaha/Info.plist;
				LD_RUNPATH_SEARCH_PATHS = "$(inherited) @executable_path/Frameworks";
				PRODUCT_BUNDLE_IDENTIFIER = com.codepath.hahaha;
				PRODUCT_NAME = "$(TARGET_NAME)";
				SWIFT_VERSION = 3.0;
			};
			name = Debug;
		};
		22A225191DC2857600014CAB /* Release */ = {
			isa = XCBuildConfiguration;
			buildSettings = {
				ASSETCATALOG_COMPILER_APPICON_NAME = AppIcon;
				INFOPLIST_FILE = hahaha/Info.plist;
				LD_RUNPATH_SEARCH_PATHS = "$(inherited) @executable_path/Frameworks";
				PRODUCT_BUNDLE_IDENTIFIER = com.codepath.hahaha;
				PRODUCT_NAME = "$(TARGET_NAME)";
				SWIFT_VERSION = 3.0;
			};
			name = Release;
		};
		22A2251B1DC2857600014CAB /* Debug */ = {
			isa = XCBuildConfiguration;
			buildSettings = {
				ALWAYS_EMBED_SWIFT_STANDARD_LIBRARIES = YES;
				BUNDLE_LOADER = "$(TEST_HOST)";
				INFOPLIST_FILE = hahahaTests/Info.plist;
				LD_RUNPATH_SEARCH_PATHS = "$(inherited) @executable_path/Frameworks @loader_path/Frameworks";
				PRODUCT_BUNDLE_IDENTIFIER = com.codepath.hahahaTests;
				PRODUCT_NAME = "$(TARGET_NAME)";
				SWIFT_VERSION = 3.0;
				TEST_HOST = "$(BUILT_PRODUCTS_DIR)/hahaha.app/hahaha";
			};
			name = Debug;
		};
		22A2251C1DC2857600014CAB /* Release */ = {
			isa = XCBuildConfiguration;
			buildSettings = {
				ALWAYS_EMBED_SWIFT_STANDARD_LIBRARIES = YES;
				BUNDLE_LOADER = "$(TEST_HOST)";
				INFOPLIST_FILE = hahahaTests/Info.plist;
				LD_RUNPATH_SEARCH_PATHS = "$(inherited) @executable_path/Frameworks @loader_path/Frameworks";
				PRODUCT_BUNDLE_IDENTIFIER = com.codepath.hahahaTests;
				PRODUCT_NAME = "$(TARGET_NAME)";
				SWIFT_VERSION = 3.0;
				TEST_HOST = "$(BUILT_PRODUCTS_DIR)/hahaha.app/hahaha";
			};
			name = Release;
		};
		22A2251E1DC2857600014CAB /* Debug */ = {
			isa = XCBuildConfiguration;
			buildSettings = {
				ALWAYS_EMBED_SWIFT_STANDARD_LIBRARIES = YES;
				INFOPLIST_FILE = hahahaUITests/Info.plist;
				LD_RUNPATH_SEARCH_PATHS = "$(inherited) @executable_path/Frameworks @loader_path/Frameworks";
				PRODUCT_BUNDLE_IDENTIFIER = com.codepath.hahahaUITests;
				PRODUCT_NAME = "$(TARGET_NAME)";
				SWIFT_VERSION = 3.0;
				TEST_TARGET_NAME = hahaha;
			};
			name = Debug;
		};
		22A2251F1DC2857600014CAB /* Release */ = {
			isa = XCBuildConfiguration;
			buildSettings = {
				ALWAYS_EMBED_SWIFT_STANDARD_LIBRARIES = YES;
				INFOPLIST_FILE = hahahaUITests/Info.plist;
				LD_RUNPATH_SEARCH_PATHS = "$(inherited) @executable_path/Frameworks @loader_path/Frameworks";
				PRODUCT_BUNDLE_IDENTIFIER = com.codepath.hahahaUITests;
				PRODUCT_NAME = "$(TARGET_NAME)";
				SWIFT_VERSION = 3.0;
				TEST_TARGET_NAME = hahaha;
			};
			name = Release;
		};
/* End XCBuildConfiguration section */

/* Begin XCConfigurationList section */
		22A224EA1DC2857500014CAB /* Build configuration list for PBXProject "hahaha" */ = {
			isa = XCConfigurationList;
			buildConfigurations = (
				22A225151DC2857600014CAB /* Debug */,
				22A225161DC2857600014CAB /* Release */,
			);
			defaultConfigurationIsVisible = 0;
			defaultConfigurationName = Release;
		};
		22A225171DC2857600014CAB /* Build configuration list for PBXNativeTarget "hahaha" */ = {
			isa = XCConfigurationList;
			buildConfigurations = (
				22A225181DC2857600014CAB /* Debug */,
				22A225191DC2857600014CAB /* Release */,
			);
			defaultConfigurationIsVisible = 0;
		};
		22A2251A1DC2857600014CAB /* Build configuration list for PBXNativeTarget "hahahaTests" */ = {
			isa = XCConfigurationList;
			buildConfigurations = (
				22A2251B1DC2857600014CAB /* Debug */,
				22A2251C1DC2857600014CAB /* Release */,
			);
			defaultConfigurationIsVisible = 0;
		};
		22A2251D1DC2857600014CAB /* Build configuration list for PBXNativeTarget "hahahaUITests" */ = {
			isa = XCConfigurationList;
			buildConfigurations = (
				22A2251E1DC2857600014CAB /* Debug */,
				22A2251F1DC2857600014CAB /* Release */,
			);
			defaultConfigurationIsVisible = 0;
		};
/* End XCConfigurationList section */
	};
	rootObject = 22A224E71DC2857500014CAB /* Project object */;
}
